
Microsoft Visual Studio Solution File, Format Version 12.00
# Visual Studio Version 16
VisualStudioVersion = 16.0.29306.81
MinimumVisualStudioVersion = 10.0.40219.1
Project("{FAE04EC0-301F-11D3-BF4B-00C04F79EFBC}") = "AttendanceHandler", "AttendanceHander\AttendanceHandler.csproj", "{158C2F50-03CD-4145-AB50-93D1E11895E5}"
EndProject
Project("{2150E333-8FDC-42A3-9474-1A3956D46DE8}") = "Solution Items", "Solution Items", "{B95D895A-B239-4F32-8324-3CAC67502FDC}"
EndProject
Project("{FAE04EC0-301F-11D3-BF4B-00C04F79EFBC}") = "AttendanceHandlerTests", "AttendanceHandlerTests\AttendanceHandlerTests.csproj", "{55908A35-CA3E-4856-AB13-13176EDFF510}"
EndProject
Project("{FAE04EC0-301F-11D3-BF4B-00C04F79EFBC}") = "AttendanceHandlerTests_MIX", "AttendanceHandlerTests1\AttendanceHandlerTests_MIX.csproj", "{8AD7F707-31CA-45A8-A678-D7447064FBCC}"
EndProject
Global
	GlobalSection(SolutionConfigurationPlatforms) = preSolution
		Debug|Any CPU = Debug|Any CPU
		Release|Any CPU = Release|Any CPU
	EndGlobalSection
	GlobalSection(ProjectConfigurationPlatforms) = postSolution
		{158C2F50-03CD-4145-AB50-93D1E11895E5}.Debug|Any CPU.ActiveCfg = Debug|Any CPU
		{158C2F50-03CD-4145-AB50-93D1E11895E5}.Debug|Any CPU.Build.0 = Debug|Any CPU
		{158C2F50-03CD-4145-AB50-93D1E11895E5}.Release|Any CPU.ActiveCfg = Release|Any CPU
		{158C2F50-03CD-4145-AB50-93D1E11895E5}.Release|Any CPU.Build.0 = Release|Any CPU
		{55908A35-CA3E-4856-AB13-13176EDFF510}.Debug|Any CPU.ActiveCfg = Debug|Any CPU
		{55908A35-CA3E-4856-AB13-13176EDFF510}.Debug|Any CPU.Build.0 = Debug|Any CPU
		{55908A35-CA3E-4856-AB13-13176EDFF510}.Release|Any CPU.ActiveCfg = Release|Any CPU
		{55908A35-CA3E-4856-AB13-13176EDFF510}.Release|Any CPU.Build.0 = Release|Any CPU
		{8AD7F707-31CA-45A8-A678-D7447064FBCC}.Debug|Any CPU.ActiveCfg = Debug|Any CPU
		{8AD7F707-31CA-45A8-A678-D7447064FBCC}.Debug|Any CPU.Build.0 = Debug|Any CPU
		{8AD7F707-31CA-45A8-A678-D7447064FBCC}.Release|Any CPU.ActiveCfg = Release|Any CPU
		{8AD7F707-31CA-45A8-A678-D7447064FBCC}.Release|Any CPU.Build.0 = Release|Any CPU
	EndGlobalSection
	GlobalSection(SolutionProperties) = preSolution
		HideSolutionNode = FALSE
	EndGlobalSection
	GlobalSection(ExtensibilityGlobals) = postSolution
		SolutionGuid = {00776A18-11BF-4DEE-9BF0-30001C70FED1}
	EndGlobalSection
EndGlobal
